
Microsoft Visual Studio Solution File, Format Version 12.00
# Visual Studio Version 16
VisualStudioVersion = 16.0.30011.22
MinimumVisualStudioVersion = 10.0.40219.1
Project("{9A19103F-16F7-4668-BE54-9A1E7A4F7556}") = "TesteOCTO_Tecnologia", "TesteOCTO_Tecnologia\TesteOCTO_Tecnologia.csproj", "{AA72CA78-15B0-4162-B921-3094A95E5448}"
EndProject
Project("{2150E333-8FDC-42A3-9474-1A3956D46DE8}") = "Apresentacao_Angular", "Apresentacao_Angular", "{7F5BD5C7-0FA2-4827-82F7-C6FFA4B2AD42}"
EndProject
Project("{2150E333-8FDC-42A3-9474-1A3956D46DE8}") = "API_Teste", "API_Teste", "{1EDE55FD-6AA4-4795-A06A-A0EC606BE8F8}"
EndProject
Project("{9A19103F-16F7-4668-BE54-9A1E7A4F7556}") = "ApresentacaoAngular", "ApresentacaoAngular\ApresentacaoAngular.csproj", "{D8A634F8-2C43-45FB-8494-703875A6C7BA}"
EndProject
Global
	GlobalSection(SolutionConfigurationPlatforms) = preSolution
		Debug|Any CPU = Debug|Any CPU
		Release|Any CPU = Release|Any CPU
	EndGlobalSection
	GlobalSection(ProjectConfigurationPlatforms) = postSolution
		{AA72CA78-15B0-4162-B921-3094A95E5448}.Debug|Any CPU.ActiveCfg = Debug|Any CPU
		{AA72CA78-15B0-4162-B921-3094A95E5448}.Debug|Any CPU.Build.0 = Debug|Any CPU
		{AA72CA78-15B0-4162-B921-3094A95E5448}.Release|Any CPU.ActiveCfg = Release|Any CPU
		{AA72CA78-15B0-4162-B921-3094A95E5448}.Release|Any CPU.Build.0 = Release|Any CPU
		{D8A634F8-2C43-45FB-8494-703875A6C7BA}.Debug|Any CPU.ActiveCfg = Debug|Any CPU
		{D8A634F8-2C43-45FB-8494-703875A6C7BA}.Debug|Any CPU.Build.0 = Debug|Any CPU
		{D8A634F8-2C43-45FB-8494-703875A6C7BA}.Release|Any CPU.ActiveCfg = Release|Any CPU
		{D8A634F8-2C43-45FB-8494-703875A6C7BA}.Release|Any CPU.Build.0 = Release|Any CPU
	EndGlobalSection
	GlobalSection(SolutionProperties) = preSolution
		HideSolutionNode = FALSE
	EndGlobalSection
	GlobalSection(NestedProjects) = preSolution
		{AA72CA78-15B0-4162-B921-3094A95E5448} = {1EDE55FD-6AA4-4795-A06A-A0EC606BE8F8}
		{D8A634F8-2C43-45FB-8494-703875A6C7BA} = {7F5BD5C7-0FA2-4827-82F7-C6FFA4B2AD42}
	EndGlobalSection
	GlobalSection(ExtensibilityGlobals) = postSolution
		SolutionGuid = {8DABF12E-20EA-4AC7-AF84-6BE6CD86F36C}
	EndGlobalSection
EndGlobal
